
Microsoft Visual Studio Solution File, Format Version 12.00
# Visual Studio 14
VisualStudioVersion = 14.0.25420.1
MinimumVisualStudioVersion = 10.0.40219.1
Project("{FAE04EC0-301F-11D3-BF4B-00C04F79EFBC}") = "RefreshCrMas2017v2", "RefreshCrMas2017v2\RefreshCrMas2017v2.csproj", "{25734A2B-CBB4-42CD-B650-973E8D09DB50}"
EndProject
Project("{FAE04EC0-301F-11D3-BF4B-00C04F79EFBC}") = "RefreshCrMas2020", "RefreshCrMas2020\RefreshCrMas2020.csproj", "{FABD7BC5-ED5C-48BC-AA30-B9E4B961251A}"
EndProject
Global
	GlobalSection(SolutionConfigurationPlatforms) = preSolution
		Debug|Any CPU = Debug|Any CPU
		Debug|x86 = Debug|x86
		Release|Any CPU = Release|Any CPU
		Release|x86 = Release|x86
	EndGlobalSection
	GlobalSection(ProjectConfigurationPlatforms) = postSolution
		{25734A2B-CBB4-42CD-B650-973E8D09DB50}.Debug|Any CPU.ActiveCfg = Debug|Any CPU
		{25734A2B-CBB4-42CD-B650-973E8D09DB50}.Debug|Any CPU.Build.0 = Debug|Any CPU
		{25734A2B-CBB4-42CD-B650-973E8D09DB50}.Debug|x86.ActiveCfg = Debug|x86
		{25734A2B-CBB4-42CD-B650-973E8D09DB50}.Debug|x86.Build.0 = Debug|x86
		{25734A2B-CBB4-42CD-B650-973E8D09DB50}.Release|Any CPU.ActiveCfg = Release|Any CPU
		{25734A2B-CBB4-42CD-B650-973E8D09DB50}.Release|Any CPU.Build.0 = Release|Any CPU
		{25734A2B-CBB4-42CD-B650-973E8D09DB50}.Release|x86.ActiveCfg = Release|x86
		{25734A2B-CBB4-42CD-B650-973E8D09DB50}.Release|x86.Build.0 = Release|x86
		{FABD7BC5-ED5C-48BC-AA30-B9E4B961251A}.Debug|Any CPU.ActiveCfg = Debug|Any CPU
		{FABD7BC5-ED5C-48BC-AA30-B9E4B961251A}.Debug|Any CPU.Build.0 = Debug|Any CPU
		{FABD7BC5-ED5C-48BC-AA30-B9E4B961251A}.Debug|x86.ActiveCfg = Debug|Any CPU
		{FABD7BC5-ED5C-48BC-AA30-B9E4B961251A}.Debug|x86.Build.0 = Debug|Any CPU
		{FABD7BC5-ED5C-48BC-AA30-B9E4B961251A}.Release|Any CPU.ActiveCfg = Release|Any CPU
		{FABD7BC5-ED5C-48BC-AA30-B9E4B961251A}.Release|Any CPU.Build.0 = Release|Any CPU
		{FABD7BC5-ED5C-48BC-AA30-B9E4B961251A}.Release|x86.ActiveCfg = Release|x86
		{FABD7BC5-ED5C-48BC-AA30-B9E4B961251A}.Release|x86.Build.0 = Release|x86
	EndGlobalSection
	GlobalSection(SolutionProperties) = preSolution
		HideSolutionNode = FALSE
	EndGlobalSection
EndGlobal
